
Microsoft Visual Studio Solution File, Format Version 12.00
# Visual Studio 15
VisualStudioVersion = 15.0.28307.136
MinimumVisualStudioVersion = 10.0.40219.1
Project("{FAE04EC0-301F-11D3-BF4B-00C04F79EFBC}") = "Spiritus", "Spiritus\Spiritus.csproj", "{774079BE-2B9F-4F95-AD9A-BEAE7FB8106E}"
EndProject
Global
	GlobalSection(SolutionConfigurationPlatforms) = preSolution
		Debug|Any CPU = Debug|Any CPU
		Release|Any CPU = Release|Any CPU
	EndGlobalSection
	GlobalSection(ProjectConfigurationPlatforms) = postSolution
		{774079BE-2B9F-4F95-AD9A-BEAE7FB8106E}.Debug|Any CPU.ActiveCfg = Debug|Any CPU
		{774079BE-2B9F-4F95-AD9A-BEAE7FB8106E}.Debug|Any CPU.Build.0 = Debug|Any CPU
		{774079BE-2B9F-4F95-AD9A-BEAE7FB8106E}.Release|Any CPU.ActiveCfg = Release|Any CPU
		{774079BE-2B9F-4F95-AD9A-BEAE7FB8106E}.Release|Any CPU.Build.0 = Release|Any CPU
	EndGlobalSection
	GlobalSection(SolutionProperties) = preSolution
		HideSolutionNode = FALSE
	EndGlobalSection
	GlobalSection(ExtensibilityGlobals) = postSolution
		SolutionGuid = {30E50CF9-ACAC-46C0-BC2A-6C371455BCB2}
	EndGlobalSection
EndGlobal
